
Microsoft Visual Studio Solution File, Format Version 12.00
# Visual Studio Version 17
VisualStudioVersion = 17.8.34316.72
MinimumVisualStudioVersion = 10.0.40219.1
Project("{FAE04EC0-301F-11D3-BF4B-00C04F79EFBC}") = "QALight_SnizhanaM", "QALight_SnizhanaM\QALight_SnizhanaM.csproj", "{6FDBFCB1-6A8E-4231-B263-67D55113A234}"
EndProject
Global
	GlobalSection(SolutionConfigurationPlatforms) = preSolution
		Debug|Any CPU = Debug|Any CPU
		Release|Any CPU = Release|Any CPU
	EndGlobalSection
	GlobalSection(ProjectConfigurationPlatforms) = postSolution
		{6FDBFCB1-6A8E-4231-B263-67D55113A234}.Debug|Any CPU.ActiveCfg = Debug|Any CPU
		{6FDBFCB1-6A8E-4231-B263-67D55113A234}.Debug|Any CPU.Build.0 = Debug|Any CPU
		{6FDBFCB1-6A8E-4231-B263-67D55113A234}.Release|Any CPU.ActiveCfg = Release|Any CPU
		{6FDBFCB1-6A8E-4231-B263-67D55113A234}.Release|Any CPU.Build.0 = Release|Any CPU
	EndGlobalSection
	GlobalSection(SolutionProperties) = preSolution
		HideSolutionNode = FALSE
	EndGlobalSection
	GlobalSection(ExtensibilityGlobals) = postSolution
		SolutionGuid = {6FBC0240-571D-4565-B9EC-F25878B0A58C}
	EndGlobalSection
EndGlobal
